// !$*UTF8*$!
{
	archiveVersion = 1;
	classes = {
	};
	objectVersion = 55;
	objects = {

/* Begin PBXBuildFile section */
		00527EF027D9040100B9529E /* AppDelegate.swift in Sources */ = {isa = PBXBuildFile; fileRef = 00527EEF27D9040100B9529E /* AppDelegate.swift */; };
		00527EF227D9040100B9529E /* SceneDelegate.swift in Sources */ = {isa = PBXBuildFile; fileRef = 00527EF127D9040100B9529E /* SceneDelegate.swift */; };
		00527EF427D9040100B9529E /* AuthenticationViewController.swift in Sources */ = {isa = PBXBuildFile; fileRef = 00527EF327D9040100B9529E /* AuthenticationViewController.swift */; };
		00527EF727D9040100B9529E /* Main.storyboard in Resources */ = {isa = PBXBuildFile; fileRef = 00527EF527D9040100B9529E /* Main.storyboard */; };
		00527EF927D9040200B9529E /* Assets.xcassets in Resources */ = {isa = PBXBuildFile; fileRef = 00527EF827D9040200B9529E /* Assets.xcassets */; };
		00527EFC27D9040200B9529E /* LaunchScreen.storyboard in Resources */ = {isa = PBXBuildFile; fileRef = 00527EFA27D9040200B9529E /* LaunchScreen.storyboard */; };
		00527F0427D916F400B9529E /* AuthenticationManager.swift in Sources */ = {isa = PBXBuildFile; fileRef = 00527F0327D916F400B9529E /* AuthenticationManager.swift */; };
		00527F0827D91D1600B9529E /* OTPView.swift in Sources */ = {isa = PBXBuildFile; fileRef = 00527F0727D91D1600B9529E /* OTPView.swift */; };
		00527F0D27D92BC800B9529E /* OTPAuthenticationViewController.swift in Sources */ = {isa = PBXBuildFile; fileRef = 00527F0C27D92BC700B9529E /* OTPAuthenticationViewController.swift */; };
		00527F1027D92DBE00B9529E /* EmployeeDetailsViewController.swift in Sources */ = {isa = PBXBuildFile; fileRef = 00527F0F27D92DBE00B9529E /* EmployeeDetailsViewController.swift */; };
		00527F1227D9324C00B9529E /* Employee.json in Resources */ = {isa = PBXBuildFile; fileRef = 00527F1127D9324C00B9529E /* Employee.json */; };
		00527F1627D933C100B9529E /* Employee.swift in Sources */ = {isa = PBXBuildFile; fileRef = 00527F1527D933C100B9529E /* Employee.swift */; };
		00527F1927D934B800B9529E /* JsonLoader.swift in Sources */ = {isa = PBXBuildFile; fileRef = 00527F1827D934B800B9529E /* JsonLoader.swift */; };
		00527F1C27D934FD00B9529E /* EmployeeViewModel.swift in Sources */ = {isa = PBXBuildFile; fileRef = 00527F1B27D934FD00B9529E /* EmployeeViewModel.swift */; };
		00527F2D27D9386500B9529E /* EmplyeeViewModelTest.swift in Sources */ = {isa = PBXBuildFile; fileRef = 00527F2C27D9386500B9529E /* EmplyeeViewModelTest.swift */; };
/* End PBXBuildFile section */

/* Begin PBXContainerItemProxy section */
		00527F2527D937FD00B9529E /* PBXContainerItemProxy */ = {
			isa = PBXContainerItemProxy;
			containerPortal = 00527EE427D9040100B9529E /* Project object */;
			proxyType = 1;
			remoteGlobalIDString = 00527EEB27D9040100B9529E;
			remoteInfo = AuthenticationDemo;
		};
/* End PBXContainerItemProxy section */

/* Begin PBXFileReference section */
		00527EEC27D9040100B9529E /* AuthenticationDemo.app */ = {isa = PBXFileReference; explicitFileType = wrapper.application; includeInIndex = 0; path = AuthenticationDemo.app; sourceTree = BUILT_PRODUCTS_DIR; };
		00527EEF27D9040100B9529E /* AppDelegate.swift */ = {isa = PBXFileReference; lastKnownFileType = sourcecode.swift; path = AppDelegate.swift; sourceTree = "<group>"; };
		00527EF127D9040100B9529E /* SceneDelegate.swift */ = {isa = PBXFileReference; lastKnownFileType = sourcecode.swift; path = SceneDelegate.swift; sourceTree = "<group>"; };
		00527EF327D9040100B9529E /* AuthenticationViewController.swift */ = {isa = PBXFileReference; lastKnownFileType = sourcecode.swift; path = AuthenticationViewController.swift; sourceTree = "<group>"; };
		00527EF627D9040100B9529E /* Base */ = {isa = PBXFileReference; lastKnownFileType = file.storyboard; name = Base; path = Base.lproj/Main.storyboard; sourceTree = "<group>"; };
		00527EF827D9040200B9529E /* Assets.xcassets */ = {isa = PBXFileReference; lastKnownFileType = folder.assetcatalog; path = Assets.xcassets; sourceTree = "<group>"; };
		00527EFB27D9040200B9529E /* Base */ = {isa = PBXFileReference; lastKnownFileType = file.storyboard; name = Base; path = Base.lproj/LaunchScreen.storyboard; sourceTree = "<group>"; };
		00527EFD27D9040200B9529E /* Info.plist */ = {isa = PBXFileReference; lastKnownFileType = text.plist.xml; path = Info.plist; sourceTree = "<group>"; };
		00527F0327D916F400B9529E /* AuthenticationManager.swift */ = {isa = PBXFileReference; lastKnownFileType = sourcecode.swift; path = AuthenticationManager.swift; sourceTree = "<group>"; };
		00527F0727D91D1600B9529E /* OTPView.swift */ = {isa = PBXFileReference; lastKnownFileType = sourcecode.swift; path = OTPView.swift; sourceTree = "<group>"; };
		00527F0C27D92BC700B9529E /* OTPAuthenticationViewController.swift */ = {isa = PBXFileReference; lastKnownFileType = sourcecode.swift; path = OTPAuthenticationViewController.swift; sourceTree = "<group>"; };
		00527F0F27D92DBE00B9529E /* EmployeeDetailsViewController.swift */ = {isa = PBXFileReference; lastKnownFileType = sourcecode.swift; path = EmployeeDetailsViewController.swift; sourceTree = "<group>"; };
		00527F1127D9324C00B9529E /* Employee.json */ = {isa = PBXFileReference; lastKnownFileType = text.json; path = Employee.json; sourceTree = "<group>"; };
		00527F1527D933C100B9529E /* Employee.swift */ = {isa = PBXFileReference; lastKnownFileType = sourcecode.swift; path = Employee.swift; sourceTree = "<group>"; };
		00527F1827D934B800B9529E /* JsonLoader.swift */ = {isa = PBXFileReference; lastKnownFileType = sourcecode.swift; path = JsonLoader.swift; sourceTree = "<group>"; };
		00527F1B27D934FD00B9529E /* EmployeeViewModel.swift */ = {isa = PBXFileReference; lastKnownFileType = sourcecode.swift; path = EmployeeViewModel.swift; sourceTree = "<group>"; };
		00527F2127D937FD00B9529E /* AuthenticationDemoTests.xctest */ = {isa = PBXFileReference; explicitFileType = wrapper.cfbundle; includeInIndex = 0; path = AuthenticationDemoTests.xctest; sourceTree = BUILT_PRODUCTS_DIR; };
		00527F2C27D9386500B9529E /* EmplyeeViewModelTest.swift */ = {isa = PBXFileReference; lastKnownFileType = sourcecode.swift; path = EmplyeeViewModelTest.swift; sourceTree = "<group>"; };
/* End PBXFileReference section */

/* Begin PBXFrameworksBuildPhase section */
		00527EE927D9040100B9529E /* Frameworks */ = {
			isa = PBXFrameworksBuildPhase;
			buildActionMask = 2147483647;
			files = (
			);
			runOnlyForDeploymentPostprocessing = 0;
		};
		00527F1E27D937FD00B9529E /* Frameworks */ = {
			isa = PBXFrameworksBuildPhase;
			buildActionMask = 2147483647;
			files = (
			);
			runOnlyForDeploymentPostprocessing = 0;
		};
/* End PBXFrameworksBuildPhase section */

/* Begin PBXGroup section */
		00527EE327D9040100B9529E = {
			isa = PBXGroup;
			children = (
				00527EEE27D9040100B9529E /* AuthenticationDemo */,
				00527F2227D937FD00B9529E /* AuthenticationDemoTests */,
				00527EED27D9040100B9529E /* Products */,
			);
			sourceTree = "<group>";
		};
		00527EED27D9040100B9529E /* Products */ = {
			isa = PBXGroup;
			children = (
				00527EEC27D9040100B9529E /* AuthenticationDemo.app */,
				00527F2127D937FD00B9529E /* AuthenticationDemoTests.xctest */,
			);
			name = Products;
			sourceTree = "<group>";
		};
		00527EEE27D9040100B9529E /* AuthenticationDemo */ = {
			isa = PBXGroup;
			children = (
				00527F1727D934AB00B9529E /* Utilities */,
				00527F1327D9325400B9529E /* Resources */,
				00527F0E27D92BD500B9529E /* ViewControllers */,
				00527F0627D91D0500B9529E /* Views */,
				00527F0527D916FE00B9529E /* AuthenticationManager */,
				00527F1427D933A700B9529E /* Models */,
				00527F1A27D934CF00B9529E /* ViewModels */,
				00527EEF27D9040100B9529E /* AppDelegate.swift */,
				00527EF127D9040100B9529E /* SceneDelegate.swift */,
				00527EFD27D9040200B9529E /* Info.plist */,
				00527EF527D9040100B9529E /* Main.storyboard */,
				00527EF827D9040200B9529E /* Assets.xcassets */,
				00527EFA27D9040200B9529E /* LaunchScreen.storyboard */,
			);
			path = AuthenticationDemo;
			sourceTree = "<group>";
		};
		00527F0527D916FE00B9529E /* AuthenticationManager */ = {
			isa = PBXGroup;
			children = (
				00527F0327D916F400B9529E /* AuthenticationManager.swift */,
			);
			path = AuthenticationManager;
			sourceTree = "<group>";
		};
		00527F0627D91D0500B9529E /* Views */ = {
			isa = PBXGroup;
			children = (
				00527F0727D91D1600B9529E /* OTPView.swift */,
			);
			path = Views;
			sourceTree = "<group>";
		};
		00527F0E27D92BD500B9529E /* ViewControllers */ = {
			isa = PBXGroup;
			children = (
				00527EF327D9040100B9529E /* AuthenticationViewController.swift */,
				00527F0C27D92BC700B9529E /* OTPAuthenticationViewController.swift */,
				00527F0F27D92DBE00B9529E /* EmployeeDetailsViewController.swift */,
			);
			path = ViewControllers;
			sourceTree = "<group>";
		};
		00527F1327D9325400B9529E /* Resources */ = {
			isa = PBXGroup;
			children = (
				00527F1127D9324C00B9529E /* Employee.json */,
			);
			path = Resources;
			sourceTree = "<group>";
		};
		00527F1427D933A700B9529E /* Models */ = {
			isa = PBXGroup;
			children = (
				00527F1527D933C100B9529E /* Employee.swift */,
			);
			path = Models;
			sourceTree = "<group>";
		};
		00527F1727D934AB00B9529E /* Utilities */ = {
			isa = PBXGroup;
			children = (
				00527F1827D934B800B9529E /* JsonLoader.swift */,
			);
			path = Utilities;
			sourceTree = "<group>";
		};
		00527F1A27D934CF00B9529E /* ViewModels */ = {
			isa = PBXGroup;
			children = (
				00527F1B27D934FD00B9529E /* EmployeeViewModel.swift */,
			);
			path = ViewModels;
			sourceTree = "<group>";
		};
		00527F2227D937FD00B9529E /* AuthenticationDemoTests */ = {
			isa = PBXGroup;
			children = (
				00527F2C27D9386500B9529E /* EmplyeeViewModelTest.swift */,
			);
			path = AuthenticationDemoTests;
			sourceTree = "<group>";
		};
/* End PBXGroup section */

/* Begin PBXNativeTarget section */
		00527EEB27D9040100B9529E /* AuthenticationDemo */ = {
			isa = PBXNativeTarget;
			buildConfigurationList = 00527F0027D9040200B9529E /* Build configuration list for PBXNativeTarget "AuthenticationDemo" */;
			buildPhases = (
				00527EE827D9040100B9529E /* Sources */,
				00527EE927D9040100B9529E /* Frameworks */,
				00527EEA27D9040100B9529E /* Resources */,
			);
			buildRules = (
			);
			dependencies = (
			);
			name = AuthenticationDemo;
			productName = AuthenticationDemo;
			productReference = 00527EEC27D9040100B9529E /* AuthenticationDemo.app */;
			productType = "com.apple.product-type.application";
		};
		00527F2027D937FD00B9529E /* AuthenticationDemoTests */ = {
			isa = PBXNativeTarget;
			buildConfigurationList = 00527F2727D937FD00B9529E /* Build configuration list for PBXNativeTarget "AuthenticationDemoTests" */;
			buildPhases = (
				00527F1D27D937FD00B9529E /* Sources */,
				00527F1E27D937FD00B9529E /* Frameworks */,
				00527F1F27D937FD00B9529E /* Resources */,
			);
			buildRules = (
			);
			dependencies = (
				00527F2627D937FD00B9529E /* PBXTargetDependency */,
			);
			name = AuthenticationDemoTests;
			productName = AuthenticationDemoTests;
			productReference = 00527F2127D937FD00B9529E /* AuthenticationDemoTests.xctest */;
			productType = "com.apple.product-type.bundle.unit-test";
		};
/* End PBXNativeTarget section */

/* Begin PBXProject section */
		00527EE427D9040100B9529E /* Project object */ = {
			isa = PBXProject;
			attributes = {
				BuildIndependentTargetsInParallel = 1;
				LastSwiftUpdateCheck = 1320;
				LastUpgradeCheck = 1320;
				TargetAttributes = {
					00527EEB27D9040100B9529E = {
						CreatedOnToolsVersion = 13.2.1;
					};
					00527F2027D937FD00B9529E = {
						CreatedOnToolsVersion = 13.2.1;
						LastSwiftMigration = 1320;
						TestTargetID = 00527EEB27D9040100B9529E;
					};
				};
			};
			buildConfigurationList = 00527EE727D9040100B9529E /* Build configuration list for PBXProject "AuthenticationDemo" */;
			compatibilityVersion = "Xcode 13.0";
			developmentRegion = en;
			hasScannedForEncodings = 0;
			knownRegions = (
				en,
				Base,
			);
			mainGroup = 00527EE327D9040100B9529E;
			productRefGroup = 00527EED27D9040100B9529E /* Products */;
			projectDirPath = "";
			projectRoot = "";
			targets = (
				00527EEB27D9040100B9529E /* AuthenticationDemo */,
				00527F2027D937FD00B9529E /* AuthenticationDemoTests */,
			);
		};
/* End PBXProject section */

/* Begin PBXResourcesBuildPhase section */
		00527EEA27D9040100B9529E /* Resources */ = {
			isa = PBXResourcesBuildPhase;
			buildActionMask = 2147483647;
			files = (
				00527EFC27D9040200B9529E /* LaunchScreen.storyboard in Resources */,
				00527F1227D9324C00B9529E /* Employee.json in Resources */,
				00527EF927D9040200B9529E /* Assets.xcassets in Resources */,
				00527EF727D9040100B9529E /* Main.storyboard in Resources */,
			);
			runOnlyForDeploymentPostprocessing = 0;
		};
		00527F1F27D937FD00B9529E /* Resources */ = {
			isa = PBXResourcesBuildPhase;
			buildActionMask = 2147483647;
			files = (
			);
			runOnlyForDeploymentPostprocessing = 0;
		};
/* End PBXResourcesBuildPhase section */

/* Begin PBXSourcesBuildPhase section */
		00527EE827D9040100B9529E /* Sources */ = {
			isa = PBXSourcesBuildPhase;
			buildActionMask = 2147483647;
			files = (
				00527EF427D9040100B9529E /* AuthenticationViewController.swift in Sources */,
				00527F1927D934B800B9529E /* JsonLoader.swift in Sources */,
				00527F1627D933C100B9529E /* Employee.swift in Sources */,
				00527F1027D92DBE00B9529E /* EmployeeDetailsViewController.swift in Sources */,
				00527F0827D91D1600B9529E /* OTPView.swift in Sources */,
				00527F0427D916F400B9529E /* AuthenticationManager.swift in Sources */,
				00527EF027D9040100B9529E /* AppDelegate.swift in Sources */,
				00527F0D27D92BC800B9529E /* OTPAuthenticationViewController.swift in Sources */,
				00527F1C27D934FD00B9529E /* EmployeeViewModel.swift in Sources */,
				00527EF227D9040100B9529E /* SceneDelegate.swift in Sources */,
			);
			runOnlyForDeploymentPostprocessing = 0;
		};
		00527F1D27D937FD00B9529E /* Sources */ = {
			isa = PBXSourcesBuildPhase;
			buildActionMask = 2147483647;
			files = (
				00527F2D27D9386500B9529E /* EmplyeeViewModelTest.swift in Sources */,
			);
			runOnlyForDeploymentPostprocessing = 0;
		};
/* End PBXSourcesBuildPhase section */

/* Begin PBXTargetDependency section */
		00527F2627D937FD00B9529E /* PBXTargetDependency */ = {
			isa = PBXTargetDependency;
			target = 00527EEB27D9040100B9529E /* AuthenticationDemo */;
			targetProxy = 00527F2527D937FD00B9529E /* PBXContainerItemProxy */;
		};
/* End PBXTargetDependency section */

/* Begin PBXVariantGroup section */
		00527EF527D9040100B9529E /* Main.storyboard */ = {
			isa = PBXVariantGroup;
			children = (
				00527EF627D9040100B9529E /* Base */,
			);
			name = Main.storyboard;
			sourceTree = "<group>";
		};
		00527EFA27D9040200B9529E /* LaunchScreen.storyboard */ = {
			isa = PBXVariantGroup;
			children = (
				00527EFB27D9040200B9529E /* Base */,
			);
			name = LaunchScreen.storyboard;
			sourceTree = "<group>";
		};
/* End PBXVariantGroup section */

/* Begin XCBuildConfiguration section */
		00527EFE27D9040200B9529E /* Debug */ = {
			isa = XCBuildConfiguration;
			buildSettings = {
				ALWAYS_SEARCH_USER_PATHS = NO;
				CLANG_ANALYZER_NONNULL = YES;
				CLANG_ANALYZER_NUMBER_OBJECT_CONVERSION = YES_AGGRESSIVE;
				CLANG_CXX_LANGUAGE_STANDARD = "gnu++17";
				CLANG_CXX_LIBRARY = "libc++";
				CLANG_ENABLE_MODULES = YES;
				CLANG_ENABLE_OBJC_ARC = YES;
				CLANG_ENABLE_OBJC_WEAK = YES;
				CLANG_WARN_BLOCK_CAPTURE_AUTORELEASING = YES;
				CLANG_WARN_BOOL_CONVERSION = YES;
				CLANG_WARN_COMMA = YES;
				CLANG_WARN_CONSTANT_CONVERSION = YES;
				CLANG_WARN_DEPRECATED_OBJC_IMPLEMENTATIONS = YES;
				CLANG_WARN_DIRECT_OBJC_ISA_USAGE = YES_ERROR;
				CLANG_WARN_DOCUMENTATION_COMMENTS = YES;
				CLANG_WARN_EMPTY_BODY = YES;
				CLANG_WARN_ENUM_CONVERSION = YES;
				CLANG_WARN_INFINITE_RECURSION = YES;
				CLANG_WARN_INT_CONVERSION = YES;
				CLANG_WARN_NON_LITERAL_NULL_CONVERSION = YES;
				CLANG_WARN_OBJC_IMPLICIT_RETAIN_SELF = YES;
				CLANG_WARN_OBJC_LITERAL_CONVERSION = YES;
				CLANG_WARN_OBJC_ROOT_CLASS = YES_ERROR;
				CLANG_WARN_QUOTED_INCLUDE_IN_FRAMEWORK_HEADER = YES;
				CLANG_WARN_RANGE_LOOP_ANALYSIS = YES;
				CLANG_WARN_STRICT_PROTOTYPES = YES;
				CLANG_WARN_SUSPICIOUS_MOVE = YES;
				CLANG_WARN_UNGUARDED_AVAILABILITY = YES_AGGRESSIVE;
				CLANG_WARN_UNREACHABLE_CODE = YES;
				CLANG_WARN__DUPLICATE_METHOD_MATCH = YES;
				COPY_PHASE_STRIP = NO;
				DEBUG_INFORMATION_FORMAT = dwarf;
				ENABLE_STRICT_OBJC_MSGSEND = YES;
				ENABLE_TESTABILITY = YES;
				GCC_C_LANGUAGE_STANDARD = gnu11;
				GCC_DYNAMIC_NO_PIC = NO;
				GCC_NO_COMMON_BLOCKS = YES;
				GCC_OPTIMIZATION_LEVEL = 0;
				GCC_PREPROCESSOR_DEFINITIONS = (
					"DEBUG=1",
					"$(inherited)",
				);
				GCC_WARN_64_TO_32_BIT_CONVERSION = YES;
				GCC_WARN_ABOUT_RETURN_TYPE = YES_ERROR;
				GCC_WARN_UNDECLARED_SELECTOR = YES;
				GCC_WARN_UNINITIALIZED_AUTOS = YES_AGGRESSIVE;
				GCC_WARN_UNUSED_FUNCTION = YES;
				GCC_WARN_UNUSED_VARIABLE = YES;
				IPHONEOS_DEPLOYMENT_TARGET = 15.2;
				MTL_ENABLE_DEBUG_INFO = INCLUDE_SOURCE;
				MTL_FAST_MATH = YES;
				ONLY_ACTIVE_ARCH = YES;
				SDKROOT = iphoneos;
				SWIFT_ACTIVE_COMPILATION_CONDITIONS = DEBUG;
				SWIFT_OPTIMIZATION_LEVEL = "-Onone";
			};
			name = Debug;
		};
		00527EFF27D9040200B9529E /* Release */ = {
			isa = XCBuildConfiguration;
			buildSettings = {
				ALWAYS_SEARCH_USER_PATHS = NO;
				CLANG_ANALYZER_NONNULL = YES;
				CLANG_ANALYZER_NUMBER_OBJECT_CONVERSION = YES_AGGRESSIVE;
				CLANG_CXX_LANGUAGE_STANDARD = "gnu++17";
				CLANG_CXX_LIBRARY = "libc++";
				CLANG_ENABLE_MODULES = YES;
				CLANG_ENABLE_OBJC_ARC = YES;
				CLANG_ENABLE_OBJC_WEAK = YES;
				CLANG_WARN_BLOCK_CAPTURE_AUTORELEASING = YES;
				CLANG_WARN_BOOL_CONVERSION = YES;
				CLANG_WARN_COMMA = YES;
				CLANG_WARN_CONSTANT_CONVERSION = YES;
				CLANG_WARN_DEPRECATED_OBJC_IMPLEMENTATIONS = YES;
				CLANG_WARN_DIRECT_OBJC_ISA_USAGE = YES_ERROR;
				CLANG_WARN_DOCUMENTATION_COMMENTS = YES;
				CLANG_WARN_EMPTY_BODY = YES;
				CLANG_WARN_ENUM_CONVERSION = YES;
				CLANG_WARN_INFINITE_RECURSION = YES;
				CLANG_WARN_INT_CONVERSION = YES;
				CLANG_WARN_NON_LITERAL_NULL_CONVERSION = YES;
				CLANG_WARN_OBJC_IMPLICIT_RETAIN_SELF = YES;
				CLANG_WARN_OBJC_LITERAL_CONVERSION = YES;
				CLANG_WARN_OBJC_ROOT_CLASS = YES_ERROR;
				CLANG_WARN_QUOTED_INCLUDE_IN_FRAMEWORK_HEADER = YES;
				CLANG_WARN_RANGE_LOOP_ANALYSIS = YES;
				CLANG_WARN_STRICT_PROTOTYPES = YES;
				CLANG_WARN_SUSPICIOUS_MOVE = YES;
				CLANG_WARN_UNGUARDED_AVAILABILITY = YES_AGGRESSIVE;
				CLANG_WARN_UNREACHABLE_CODE = YES;
				CLANG_WARN__DUPLICATE_METHOD_MATCH = YES;
				COPY_PHASE_STRIP = NO;
				DEBUG_INFORMATION_FORMAT = "dwarf-with-dsym";
				ENABLE_NS_ASSERTIONS = NO;
				ENABLE_STRICT_OBJC_MSGSEND = YES;
				GCC_C_LANGUAGE_STANDARD = gnu11;
				GCC_NO_COMMON_BLOCKS = YES;
				GCC_WARN_64_TO_32_BIT_CONVERSION = YES;
				GCC_WARN_ABOUT_RETURN_TYPE = YES_ERROR;
				GCC_WARN_UNDECLARED_SELECTOR = YES;
				GCC_WARN_UNINITIALIZED_AUTOS = YES_AGGRESSIVE;
				GCC_WARN_UNUSED_FUNCTION = YES;
				GCC_WARN_UNUSED_VARIABLE = YES;
				IPHONEOS_DEPLOYMENT_TARGET = 15.2;
				MTL_ENABLE_DEBUG_INFO = NO;
				MTL_FAST_MATH = YES;
				SDKROOT = iphoneos;
				SWIFT_COMPILATION_MODE = wholemodule;
				SWIFT_OPTIMIZATION_LEVEL = "-O";
				VALIDATE_PRODUCT = YES;
			};
			name = Release;
		};
		00527F0127D9040200B9529E /* Debug */ = {
			isa = XCBuildConfiguration;
			buildSettings = {
				ASSETCATALOG_COMPILER_APPICON_NAME = AppIcon;
				ASSETCATALOG_COMPILER_GLOBAL_ACCENT_COLOR_NAME = AccentColor;
				CODE_SIGN_STYLE = Automatic;
				CURRENT_PROJECT_VERSION = 1;
				DEVELOPMENT_TEAM = 5B7G6NNZFX;
				GENERATE_INFOPLIST_FILE = YES;
				INFOPLIST_FILE = AuthenticationDemo/Info.plist;
				INFOPLIST_KEY_UIApplicationSupportsIndirectInputEvents = YES;
				INFOPLIST_KEY_UILaunchStoryboardName = LaunchScreen;
				INFOPLIST_KEY_UIMainStoryboardFile = Main;
				INFOPLIST_KEY_UISupportedInterfaceOrientations_iPad = "UIInterfaceOrientationPortrait UIInterfaceOrientationPortraitUpsideDown UIInterfaceOrientationLandscapeLeft UIInterfaceOrientationLandscapeRight";
				INFOPLIST_KEY_UISupportedInterfaceOrientations_iPhone = "UIInterfaceOrientationPortrait UIInterfaceOrientationLandscapeLeft UIInterfaceOrientationLandscapeRight";
				LD_RUNPATH_SEARCH_PATHS = (
					"$(inherited)",
					"@executable_path/Frameworks",
				);
				MARKETING_VERSION = 1.0;
				PRODUCT_BUNDLE_IDENTIFIER = kumar.siddharth.AuthenticationDemo;
				PRODUCT_NAME = "$(TARGET_NAME)";
				SWIFT_EMIT_LOC_STRINGS = YES;
				SWIFT_VERSION = 5.0;
				TARGETED_DEVICE_FAMILY = "1,2";
			};
			name = Debug;
		};
		00527F0227D9040200B9529E /* Release */ = {
			isa = XCBuildConfiguration;
			buildSettings = {
				ASSETCATALOG_COMPILER_APPICON_NAME = AppIcon;
				ASSETCATALOG_COMPILER_GLOBAL_ACCENT_COLOR_NAME = AccentColor;
				CODE_SIGN_STYLE = Automatic;
				CURRENT_PROJECT_VERSION = 1;
				DEVELOPMENT_TEAM = 5B7G6NNZFX;
				GENERATE_INFOPLIST_FILE = YES;
				INFOPLIST_FILE = AuthenticationDemo/Info.plist;
				INFOPLIST_KEY_UIApplicationSupportsIndirectInputEvents = YES;
				INFOPLIST_KEY_UILaunchStoryboardName = LaunchScreen;
				INFOPLIST_KEY_UIMainStoryboardFile = Main;
				INFOPLIST_KEY_UISupportedInterfaceOrientations_iPad = "UIInterfaceOrientationPortrait UIInterfaceOrientationPortraitUpsideDown UIInterfaceOrientationLandscapeLeft UIInterfaceOrientationLandscapeRight";
				INFOPLIST_KEY_UISupportedInterfaceOrientations_iPhone = "UIInterfaceOrientationPortrait UIInterfaceOrientationLandscapeLeft UIInterfaceOrientationLandscapeRight";
				LD_RUNPATH_SEARCH_PATHS = (
					"$(inherited)",
					"@executable_path/Frameworks",
				);
				MARKETING_VERSION = 1.0;
				PRODUCT_BUNDLE_IDENTIFIER = kumar.siddharth.AuthenticationDemo;
				PRODUCT_NAME = "$(TARGET_NAME)";
				SWIFT_EMIT_LOC_STRINGS = YES;
				SWIFT_VERSION = 5.0;
				TARGETED_DEVICE_FAMILY = "1,2";
			};
			name = Release;
		};
		00527F2827D937FD00B9529E /* Debug */ = {
			isa = XCBuildConfiguration;
			buildSettings = {
				BUNDLE_LOADER = "$(TEST_HOST)";
				CLANG_ENABLE_MODULES = YES;
				CODE_SIGN_STYLE = Automatic;
				CURRENT_PROJECT_VERSION = 1;
				DEVELOPMENT_TEAM = 5B7G6NNZFX;
				GENERATE_INFOPLIST_FILE = YES;
				LD_RUNPATH_SEARCH_PATHS = (
					"$(inherited)",
					"@executable_path/Frameworks",
					"@loader_path/Frameworks",
				);
				MARKETING_VERSION = 1.0;
				PRODUCT_BUNDLE_IDENTIFIER = kumar.siddharth.AuthenticationDemoTests;
				PRODUCT_NAME = "$(TARGET_NAME)";
				SWIFT_EMIT_LOC_STRINGS = NO;
				SWIFT_OPTIMIZATION_LEVEL = "-Onone";
				SWIFT_VERSION = 5.0;
				TARGETED_DEVICE_FAMILY = "1,2";
				TEST_HOST = "$(BUILT_PRODUCTS_DIR)/AuthenticationDemo.app/AuthenticationDemo";
			};
			name = Debug;
		};
		00527F2927D937FD00B9529E /* Release */ = {
			isa = XCBuildConfiguration;
			buildSettings = {
				BUNDLE_LOADER = "$(TEST_HOST)";
				CLANG_ENABLE_MODULES = YES;
				CODE_SIGN_STYLE = Automatic;
				CURRENT_PROJECT_VERSION = 1;
				DEVELOPMENT_TEAM = 5B7G6NNZFX;
				GENERATE_INFOPLIST_FILE = YES;
				LD_RUNPATH_SEARCH_PATHS = (
					"$(inherited)",
					"@executable_path/Frameworks",
					"@loader_path/Frameworks",
				);
				MARKETING_VERSION = 1.0;
				PRODUCT_BUNDLE_IDENTIFIER = kumar.siddharth.AuthenticationDemoTests;
				PRODUCT_NAME = "$(TARGET_NAME)";
				SWIFT_EMIT_LOC_STRINGS = NO;
				SWIFT_VERSION = 5.0;
				TARGETED_DEVICE_FAMILY = "1,2";
				TEST_HOST = "$(BUILT_PRODUCTS_DIR)/AuthenticationDemo.app/AuthenticationDemo";
			};
			name = Release;
		};
/* End XCBuildConfiguration section */

/* Begin XCConfigurationList section */
		00527EE727D9040100B9529E /* Build configuration list for PBXProject "AuthenticationDemo" */ = {
			isa = XCConfigurationList;
			buildConfigurations = (
				00527EFE27D9040200B9529E /* Debug */,
				00527EFF27D9040200B9529E /* Release */,
			);
			defaultConfigurationIsVisible = 0;
			defaultConfigurationName = Release;
		};
		00527F0027D9040200B9529E /* Build configuration list for PBXNativeTarget "AuthenticationDemo" */ = {
			isa = XCConfigurationList;
			buildConfigurations = (
				00527F0127D9040200B9529E /* Debug */,
				00527F0227D9040200B9529E /* Release */,
			);
			defaultConfigurationIsVisible = 0;
			defaultConfigurationName = Release;
		};
		00527F2727D937FD00B9529E /* Build configuration list for PBXNativeTarget "AuthenticationDemoTests" */ = {
			isa = XCConfigurationList;
			buildConfigurations = (
				00527F2827D937FD00B9529E /* Debug */,
				00527F2927D937FD00B9529E /* Release */,
			);
			defaultConfigurationIsVisible = 0;
			defaultConfigurationName = Release;
		};
/* End XCConfigurationList section */
	};
	rootObject = 00527EE427D9040100B9529E /* Project object */;
}
